# This file is automatically @generated by Cargo.
# It is not intended for manual editing.
version = 4

[[package]]
name = "abi-gen"
version = "0.0.0"

[[package]]
name = "deepwyrm-abi"
version = "0.0.0"

[[package]]
name = "deepwyrm-kernel"
version = "0.0.0"

[[package]]
name = "xtask"
version = "0.0.0"
